
Microsoft Visual Studio Solution File, Format Version 12.00
# Visual Studio 14
VisualStudioVersion = 14.0.25420.1
MinimumVisualStudioVersion = 10.0.40219.1
Project("{FAE04EC0-301F-11D3-BF4B-00C04F79EFBC}") = "tom.Console", "tom.Console\tom.Console.csproj", "{AB709E2E-6BAD-48FF-9F96-B9C149E9725C}"
EndProject
Project("{FAE04EC0-301F-11D3-BF4B-00C04F79EFBC}") = "core", "core\core.csproj", "{79832C32-BB0F-42FB-BF68-56487893D2F4}"
EndProject
Global
	GlobalSection(SolutionConfigurationPlatforms) = preSolution
		Debug|Any CPU = Debug|Any CPU
		Release|Any CPU = Release|Any CPU
	EndGlobalSection
	GlobalSection(ProjectConfigurationPlatforms) = postSolution
		{AB709E2E-6BAD-48FF-9F96-B9C149E9725C}.Debug|Any CPU.ActiveCfg = Debug|Any CPU
		{AB709E2E-6BAD-48FF-9F96-B9C149E9725C}.Debug|Any CPU.Build.0 = Debug|Any CPU
		{AB709E2E-6BAD-48FF-9F96-B9C149E9725C}.Release|Any CPU.ActiveCfg = Release|Any CPU
		{AB709E2E-6BAD-48FF-9F96-B9C149E9725C}.Release|Any CPU.Build.0 = Release|Any CPU
		{79832C32-BB0F-42FB-BF68-56487893D2F4}.Debug|Any CPU.ActiveCfg = Debug|Any CPU
		{79832C32-BB0F-42FB-BF68-56487893D2F4}.Debug|Any CPU.Build.0 = Debug|Any CPU
		{79832C32-BB0F-42FB-BF68-56487893D2F4}.Release|Any CPU.ActiveCfg = Release|Any CPU
		{79832C32-BB0F-42FB-BF68-56487893D2F4}.Release|Any CPU.Build.0 = Release|Any CPU
	EndGlobalSection
	GlobalSection(SolutionProperties) = preSolution
		HideSolutionNode = FALSE
	EndGlobalSection
EndGlobal
